
Microsoft Visual Studio Solution File, Format Version 12.00
# Visual Studio 15
VisualStudioVersion = 15.0.28307.271
MinimumVisualStudioVersion = 10.0.40219.1
Project("{FAE04EC0-301F-11D3-BF4B-00C04F79EFBC}") = "Domain", "Domain\Domain.csproj", "{3495A5DB-EFCB-43AB-897D-7B25A8307735}"
EndProject
Project("{FAE04EC0-301F-11D3-BF4B-00C04F79EFBC}") = "Data", "Data\Data.csproj", "{417A1CDA-200A-4B01-A17A-B38C7E21BF7A}"
EndProject
Global
	GlobalSection(SolutionConfigurationPlatforms) = preSolution
		Debug|Any CPU = Debug|Any CPU
		Release|Any CPU = Release|Any CPU
	EndGlobalSection
	GlobalSection(ProjectConfigurationPlatforms) = postSolution
		{3495A5DB-EFCB-43AB-897D-7B25A8307735}.Debug|Any CPU.ActiveCfg = Debug|Any CPU
		{3495A5DB-EFCB-43AB-897D-7B25A8307735}.Debug|Any CPU.Build.0 = Debug|Any CPU
		{3495A5DB-EFCB-43AB-897D-7B25A8307735}.Release|Any CPU.ActiveCfg = Release|Any CPU
		{3495A5DB-EFCB-43AB-897D-7B25A8307735}.Release|Any CPU.Build.0 = Release|Any CPU
		{417A1CDA-200A-4B01-A17A-B38C7E21BF7A}.Debug|Any CPU.ActiveCfg = Debug|Any CPU
		{417A1CDA-200A-4B01-A17A-B38C7E21BF7A}.Debug|Any CPU.Build.0 = Debug|Any CPU
		{417A1CDA-200A-4B01-A17A-B38C7E21BF7A}.Release|Any CPU.ActiveCfg = Release|Any CPU
		{417A1CDA-200A-4B01-A17A-B38C7E21BF7A}.Release|Any CPU.Build.0 = Release|Any CPU
	EndGlobalSection
	GlobalSection(SolutionProperties) = preSolution
		HideSolutionNode = FALSE
	EndGlobalSection
	GlobalSection(ExtensibilityGlobals) = postSolution
		SolutionGuid = {6FA7C60E-6256-4B19-B59B-4396ED3F59F1}
	EndGlobalSection
EndGlobal
