
Microsoft Visual Studio Solution File, Format Version 12.00
# Visual Studio 15
VisualStudioVersion = 15.0.28307.271
MinimumVisualStudioVersion = 10.0.40219.1
Project("{FAE04EC0-301F-11D3-BF4B-00C04F79EFBC}") = "Domain", "Domain\Domain.csproj", "{3495A5DB-EFCB-43AB-897D-7B25A8307735}"
EndProject
Project("{FAE04EC0-301F-11D3-BF4B-00C04F79EFBC}") = "Data", "Data\Data.csproj", "{417A1CDA-200A-4B01-A17A-B38C7E21BF7A}"
EndProject
Project("{FAE04EC0-301F-11D3-BF4B-00C04F79EFBC}") = "Business", "Business\Business.csproj", "{DCF7BA17-EFAA-4D5C-A953-5BA38CC4CCED}"
EndProject
Project("{2150E333-8FDC-42A3-9474-1A3956D46DE8}") = "BackEnd", "BackEnd", "{A0D7C5ED-E67B-4A22-BAA6-DBA5B08A7422}"
EndProject
Project("{FAE04EC0-301F-11D3-BF4B-00C04F79EFBC}") = "API", "API\API.csproj", "{D37B043E-8C13-4ECF-9152-F3B147D98FFD}"
EndProject
Project("{FAE04EC0-301F-11D3-BF4B-00C04F79EFBC}") = "API.Tests", "API.Tests\API.Tests.csproj", "{9AE90207-0874-48BD-91C5-0A0C2A88F4BA}"
EndProject
Global
	GlobalSection(SolutionConfigurationPlatforms) = preSolution
		Debug|Any CPU = Debug|Any CPU
		Release|Any CPU = Release|Any CPU
	EndGlobalSection
	GlobalSection(ProjectConfigurationPlatforms) = postSolution
		{3495A5DB-EFCB-43AB-897D-7B25A8307735}.Debug|Any CPU.ActiveCfg = Debug|Any CPU
		{3495A5DB-EFCB-43AB-897D-7B25A8307735}.Debug|Any CPU.Build.0 = Debug|Any CPU
		{3495A5DB-EFCB-43AB-897D-7B25A8307735}.Release|Any CPU.ActiveCfg = Release|Any CPU
		{3495A5DB-EFCB-43AB-897D-7B25A8307735}.Release|Any CPU.Build.0 = Release|Any CPU
		{417A1CDA-200A-4B01-A17A-B38C7E21BF7A}.Debug|Any CPU.ActiveCfg = Debug|Any CPU
		{417A1CDA-200A-4B01-A17A-B38C7E21BF7A}.Debug|Any CPU.Build.0 = Debug|Any CPU
		{417A1CDA-200A-4B01-A17A-B38C7E21BF7A}.Release|Any CPU.ActiveCfg = Release|Any CPU
		{417A1CDA-200A-4B01-A17A-B38C7E21BF7A}.Release|Any CPU.Build.0 = Release|Any CPU
		{DCF7BA17-EFAA-4D5C-A953-5BA38CC4CCED}.Debug|Any CPU.ActiveCfg = Debug|Any CPU
		{DCF7BA17-EFAA-4D5C-A953-5BA38CC4CCED}.Debug|Any CPU.Build.0 = Debug|Any CPU
		{DCF7BA17-EFAA-4D5C-A953-5BA38CC4CCED}.Release|Any CPU.ActiveCfg = Release|Any CPU
		{DCF7BA17-EFAA-4D5C-A953-5BA38CC4CCED}.Release|Any CPU.Build.0 = Release|Any CPU
		{D37B043E-8C13-4ECF-9152-F3B147D98FFD}.Debug|Any CPU.ActiveCfg = Debug|Any CPU
		{D37B043E-8C13-4ECF-9152-F3B147D98FFD}.Debug|Any CPU.Build.0 = Debug|Any CPU
		{D37B043E-8C13-4ECF-9152-F3B147D98FFD}.Release|Any CPU.ActiveCfg = Release|Any CPU
		{D37B043E-8C13-4ECF-9152-F3B147D98FFD}.Release|Any CPU.Build.0 = Release|Any CPU
		{9AE90207-0874-48BD-91C5-0A0C2A88F4BA}.Debug|Any CPU.ActiveCfg = Debug|Any CPU
		{9AE90207-0874-48BD-91C5-0A0C2A88F4BA}.Debug|Any CPU.Build.0 = Debug|Any CPU
		{9AE90207-0874-48BD-91C5-0A0C2A88F4BA}.Release|Any CPU.ActiveCfg = Release|Any CPU
		{9AE90207-0874-48BD-91C5-0A0C2A88F4BA}.Release|Any CPU.Build.0 = Release|Any CPU
	EndGlobalSection
	GlobalSection(SolutionProperties) = preSolution
		HideSolutionNode = FALSE
	EndGlobalSection
	GlobalSection(NestedProjects) = preSolution
		{3495A5DB-EFCB-43AB-897D-7B25A8307735} = {A0D7C5ED-E67B-4A22-BAA6-DBA5B08A7422}
		{417A1CDA-200A-4B01-A17A-B38C7E21BF7A} = {A0D7C5ED-E67B-4A22-BAA6-DBA5B08A7422}
		{DCF7BA17-EFAA-4D5C-A953-5BA38CC4CCED} = {A0D7C5ED-E67B-4A22-BAA6-DBA5B08A7422}
		{D37B043E-8C13-4ECF-9152-F3B147D98FFD} = {A0D7C5ED-E67B-4A22-BAA6-DBA5B08A7422}
		{9AE90207-0874-48BD-91C5-0A0C2A88F4BA} = {A0D7C5ED-E67B-4A22-BAA6-DBA5B08A7422}
	EndGlobalSection
	GlobalSection(ExtensibilityGlobals) = postSolution
		SolutionGuid = {6FA7C60E-6256-4B19-B59B-4396ED3F59F1}
	EndGlobalSection
EndGlobal
